
Microsoft Visual Studio Solution File, Format Version 12.00
# Visual Studio Version 17
VisualStudioVersion = 17.7.34221.43
MinimumVisualStudioVersion = 10.0.40219.1
Project("{8BC9CEB8-8B4A-11D0-8D11-00A0C91BC942}") = "c-studay", "c-studay\c-studay.vcxproj", "{6DBC9A29-A9CC-4AD7-880F-CB8C3A950E77}"
EndProject
Global
	GlobalSection(SolutionConfigurationPlatforms) = preSolution
		Debug|x64 = Debug|x64
		Debug|x86 = Debug|x86
		Release|x64 = Release|x64
		Release|x86 = Release|x86
	EndGlobalSection
	GlobalSection(ProjectConfigurationPlatforms) = postSolution
		{6DBC9A29-A9CC-4AD7-880F-CB8C3A950E77}.Debug|x64.ActiveCfg = Debug|x64
		{6DBC9A29-A9CC-4AD7-880F-CB8C3A950E77}.Debug|x64.Build.0 = Debug|x64
		{6DBC9A29-A9CC-4AD7-880F-CB8C3A950E77}.Debug|x86.ActiveCfg = Debug|Win32
		{6DBC9A29-A9CC-4AD7-880F-CB8C3A950E77}.Debug|x86.Build.0 = Debug|Win32
		{6DBC9A29-A9CC-4AD7-880F-CB8C3A950E77}.Release|x64.ActiveCfg = Release|x64
		{6DBC9A29-A9CC-4AD7-880F-CB8C3A950E77}.Release|x64.Build.0 = Release|x64
		{6DBC9A29-A9CC-4AD7-880F-CB8C3A950E77}.Release|x86.ActiveCfg = Release|Win32
		{6DBC9A29-A9CC-4AD7-880F-CB8C3A950E77}.Release|x86.Build.0 = Release|Win32
	EndGlobalSection
	GlobalSection(SolutionProperties) = preSolution
		HideSolutionNode = FALSE
	EndGlobalSection
	GlobalSection(ExtensibilityGlobals) = postSolution
		SolutionGuid = {0E53FE26-E1AF-437C-A0B7-A6D16F02F63D}
	EndGlobalSection
EndGlobal
